# THIS IS AN AUTOGENERATED FILE. DO NOT EDIT THIS FILE DIRECTLY.
# yarn lockfile v1


"@ant-design/colors@^7.0.0":
  version "7.2.1"
  resolved "https://registry.yarnpkg.com/@ant-design/colors/-/colors-7.2.1.tgz#3bbc1c6c18550020d1622a0067ff03492318df98"
  integrity sha512-lCHDcEzieu4GA3n8ELeZ5VQ8pKQAWcGGLRTQ50aQM2iqPpq2evTxER84jfdPvsPAtEcZ7m44NI45edFMo8oOYQ==
  dependencies:
    "@ant-design/fast-color" "^2.0.6"

"@ant-design/fast-color@^2.0.6":
  version "2.0.6"
  resolved "https://registry.yarnpkg.com/@ant-design/fast-color/-/fast-color-2.0.6.tgz#ab4d4455c1542c9017d367c2fa8ca3e4215d0ba2"
  integrity sha512-y2217gk4NqL35giHl72o6Zzqji9O7vHh9YmhUVkPtAOpoTCH4uWxo/pr4VE8t0+ChEPs0qo4eJRC5Q1eXWo3vA==
  dependencies:
    "@babel/runtime" "^7.24.7"

"@ant-design/icons-svg@^4.4.0":
  version "4.4.2"
  resolved "https://registry.yarnpkg.com/@ant-design/icons-svg/-/icons-svg-4.4.2.tgz#ed2be7fb4d82ac7e1d45a54a5b06d6cecf8be6f6"
  integrity sha512-vHbT+zJEVzllwP+CM+ul7reTEfBR0vgxFe7+lREAsAA7YGsYpboiq2sQNeQeRvh09GfQgs/GyFEvZpJ9cLXpXA==

"@ant-design/icons@5.x":
  version "5.6.1"
  resolved "https://registry.yarnpkg.com/@ant-design/icons/-/icons-5.6.1.tgz#7290fcdc3d96ff3fca793ed399053cd29ad5dbd3"
  integrity sha512-0/xS39c91WjPAZOWsvi1//zjx6kAp4kxWwctR6kuU6p133w8RU0D2dSCvZC19uQyharg/sAvYxGYWl01BbZZfg==
  dependencies:
    "@ant-design/colors" "^7.0.0"
    "@ant-design/icons-svg" "^4.4.0"
    "@babel/runtime" "^7.24.8"
    classnames "^2.2.6"
    rc-util "^5.31.1"

"@babel/runtime@^7.18.3", "@babel/runtime@^7.24.7", "@babel/runtime@^7.24.8":
  version "7.28.4"
  resolved "https://registry.yarnpkg.com/@babel/runtime/-/runtime-7.28.4.tgz#a70226016fabe25c5783b2f22d3e1c9bc5ca3326"
  integrity sha512-Q/N6JNWvIvPnLDvjlE1OUBLPQHH6l3CltCEsHIujp45zQUSSh8K+gHnaEX45yAT1nyngnINhvWtzN+Nb9D8RAQ==

classnames@^2.2.6:
  version "2.5.1"
  resolved "https://registry.yarnpkg.com/classnames/-/classnames-2.5.1.tgz#ba774c614be0f016da105c858e7159eae8e7687b"
  integrity sha512-saHYOzhIQs6wy2sVxTM6bUDsQO4F50V9RQ22qBpEdCW+I+/Wmke2HOl6lS6dTpdxVhb88/I6+Hs+438c3lfUow==

rc-util@^5.31.1:
  version "5.44.4"
  resolved "https://registry.yarnpkg.com/rc-util/-/rc-util-5.44.4.tgz#89ee9037683cca01cd60f1a6bbda761457dd6ba5"
  integrity sha512-resueRJzmHG9Q6rI/DfK6Kdv9/Lfls05vzMs1Sk3M2P+3cJa+MakaZyWY8IPfehVuhPJFKrIY1IK4GqbiaiY5w==
  dependencies:
    "@babel/runtime" "^7.18.3"
    react-is "^18.2.0"

react-is@^18.2.0:
  version "18.3.1"
  resolved "https://registry.yarnpkg.com/react-is/-/react-is-18.3.1.tgz#e83557dc12eae63a99e003a46388b1dcbb44db7e"
  integrity sha512-/LLMVyas0ljjAtoYiPqYiL8VWXzUUdThrmU5+n20DZv+a+ClRoevUzw5JxU+Ieh5/c87ytoTBV9G1FiKfNJdmg==
